
Microsoft Visual Studio Solution File, Format Version 11.00
# Visual Studio 2010
Project("{FAE04EC0-301F-11D3-BF4B-00C04F79EFBC}") = "Utility.Database", "Utility.Database\Utility.Database.csproj", "{7C3DF2C6-65E5-49B6-83D7-960551666DA4}"
EndProject
Project("{FAE04EC0-301F-11D3-BF4B-00C04F79EFBC}") = "Utility.Database.PostgreSql.Test", "Utility.Database.PostgreSql.Test\Utility.Database.PostgreSql.Test.csproj", "{A721320B-1B2E-4DBF-BE7F-A51D1BA55118}"
EndProject
Project("{FAE04EC0-301F-11D3-BF4B-00C04F79EFBC}") = "Utility.Database.Test", "Utility.Database.Test\Utility.Database.Test.csproj", "{28BE2CC1-C9FE-41AC-BA10-6968BF728B9F}"
EndProject
Project("{FAE04EC0-301F-11D3-BF4B-00C04F79EFBC}") = "Utility.Database.MongoDb.Test", "Utility.Database.MongoDb.Test\Utility.Database.MongoDb.Test.csproj", "{3A8FF0F3-447F-4406-859A-01BC57BAA4FB}"
EndProject
Project("{FAE04EC0-301F-11D3-BF4B-00C04F79EFBC}") = "Utility.Database.PostgreSql", "Utility.Database.PostgreSql\Utility.Database.PostgreSql.csproj", "{85411145-55E5-405B-B5B4-8EC433FE2C81}"
EndProject
Project("{FAE04EC0-301F-11D3-BF4B-00C04F79EFBC}") = "Utility.Database.MongoDb", "Utility.Database.MongoDb\Utility.Database.MongoDb.csproj", "{74098C28-A72D-486D-A67F-5A35991249AE}"
EndProject
Project("{FAE04EC0-301F-11D3-BF4B-00C04F79EFBC}") = "Utility.Database.Mock", "Utility.Database.Mock\Utility.Database.Mock.csproj", "{754F9D44-C135-4D75-90FA-02FD8A089F97}"
EndProject
Project("{FAE04EC0-301F-11D3-BF4B-00C04F79EFBC}") = "Utility.Database.Mock.Test", "Utility.Database.Mock.Test\Utility.Database.Mock.Test.csproj", "{B566649F-3A8D-4E75-A35C-720B62CCC79D}"
EndProject
Project("{2150E333-8FDC-42A3-9474-1A3956D46DE8}") = "Dependencies", "Dependencies", "{FAB3DDAA-3B1B-4C07-84B7-BDCA40950B93}"
EndProject
Project("{FAE04EC0-301F-11D3-BF4B-00C04F79EFBC}") = "Utility", "..\Utility\Utility\Utility.csproj", "{56650C3C-8BFB-4115-89D9-A4BCF5BA1A65}"
EndProject
Global
	GlobalSection(SolutionConfigurationPlatforms) = preSolution
		ClientDebug|Any CPU = ClientDebug|Any CPU
		ClientRelease|Any CPU = ClientRelease|Any CPU
		Debug|Any CPU = Debug|Any CPU
		DebugSL5|Any CPU = DebugSL5|Any CPU
		LogikosDebug|Any CPU = LogikosDebug|Any CPU
		LogikosRelease|Any CPU = LogikosRelease|Any CPU
		ProtechsDebug|Any CPU = ProtechsDebug|Any CPU
		ProtechsRelease|Any CPU = ProtechsRelease|Any CPU
		Release|Any CPU = Release|Any CPU
		WaterOutDebug|Any CPU = WaterOutDebug|Any CPU
		WaterOutRelease|Any CPU = WaterOutRelease|Any CPU
	EndGlobalSection
	GlobalSection(ProjectConfigurationPlatforms) = postSolution
		{7C3DF2C6-65E5-49B6-83D7-960551666DA4}.ClientDebug|Any CPU.ActiveCfg = Debug|Any CPU
		{7C3DF2C6-65E5-49B6-83D7-960551666DA4}.ClientDebug|Any CPU.Build.0 = Debug|Any CPU
		{7C3DF2C6-65E5-49B6-83D7-960551666DA4}.ClientRelease|Any CPU.ActiveCfg = Release|Any CPU
		{7C3DF2C6-65E5-49B6-83D7-960551666DA4}.ClientRelease|Any CPU.Build.0 = Release|Any CPU
		{7C3DF2C6-65E5-49B6-83D7-960551666DA4}.Debug|Any CPU.ActiveCfg = Debug|Any CPU
		{7C3DF2C6-65E5-49B6-83D7-960551666DA4}.Debug|Any CPU.Build.0 = Debug|Any CPU
		{7C3DF2C6-65E5-49B6-83D7-960551666DA4}.DebugSL5|Any CPU.ActiveCfg = Debug|Any CPU
		{7C3DF2C6-65E5-49B6-83D7-960551666DA4}.DebugSL5|Any CPU.Build.0 = Debug|Any CPU
		{7C3DF2C6-65E5-49B6-83D7-960551666DA4}.LogikosDebug|Any CPU.ActiveCfg = Debug|Any CPU
		{7C3DF2C6-65E5-49B6-83D7-960551666DA4}.LogikosDebug|Any CPU.Build.0 = Debug|Any CPU
		{7C3DF2C6-65E5-49B6-83D7-960551666DA4}.LogikosRelease|Any CPU.ActiveCfg = Release|Any CPU
		{7C3DF2C6-65E5-49B6-83D7-960551666DA4}.LogikosRelease|Any CPU.Build.0 = Release|Any CPU
		{7C3DF2C6-65E5-49B6-83D7-960551666DA4}.ProtechsDebug|Any CPU.ActiveCfg = Debug|Any CPU
		{7C3DF2C6-65E5-49B6-83D7-960551666DA4}.ProtechsDebug|Any CPU.Build.0 = Debug|Any CPU
		{7C3DF2C6-65E5-49B6-83D7-960551666DA4}.ProtechsRelease|Any CPU.ActiveCfg = Release|Any CPU
		{7C3DF2C6-65E5-49B6-83D7-960551666DA4}.ProtechsRelease|Any CPU.Build.0 = Release|Any CPU
		{7C3DF2C6-65E5-49B6-83D7-960551666DA4}.Release|Any CPU.ActiveCfg = Release|Any CPU
		{7C3DF2C6-65E5-49B6-83D7-960551666DA4}.Release|Any CPU.Build.0 = Release|Any CPU
		{7C3DF2C6-65E5-49B6-83D7-960551666DA4}.WaterOutDebug|Any CPU.ActiveCfg = Debug|Any CPU
		{7C3DF2C6-65E5-49B6-83D7-960551666DA4}.WaterOutDebug|Any CPU.Build.0 = Debug|Any CPU
		{7C3DF2C6-65E5-49B6-83D7-960551666DA4}.WaterOutRelease|Any CPU.ActiveCfg = Release|Any CPU
		{7C3DF2C6-65E5-49B6-83D7-960551666DA4}.WaterOutRelease|Any CPU.Build.0 = Release|Any CPU
		{A721320B-1B2E-4DBF-BE7F-A51D1BA55118}.ClientDebug|Any CPU.ActiveCfg = Debug|Any CPU
		{A721320B-1B2E-4DBF-BE7F-A51D1BA55118}.ClientDebug|Any CPU.Build.0 = Debug|Any CPU
		{A721320B-1B2E-4DBF-BE7F-A51D1BA55118}.ClientRelease|Any CPU.ActiveCfg = Release|Any CPU
		{A721320B-1B2E-4DBF-BE7F-A51D1BA55118}.ClientRelease|Any CPU.Build.0 = Release|Any CPU
		{A721320B-1B2E-4DBF-BE7F-A51D1BA55118}.Debug|Any CPU.ActiveCfg = Debug|Any CPU
		{A721320B-1B2E-4DBF-BE7F-A51D1BA55118}.Debug|Any CPU.Build.0 = Debug|Any CPU
		{A721320B-1B2E-4DBF-BE7F-A51D1BA55118}.DebugSL5|Any CPU.ActiveCfg = Debug|Any CPU
		{A721320B-1B2E-4DBF-BE7F-A51D1BA55118}.DebugSL5|Any CPU.Build.0 = Debug|Any CPU
		{A721320B-1B2E-4DBF-BE7F-A51D1BA55118}.LogikosDebug|Any CPU.ActiveCfg = Debug|Any CPU
		{A721320B-1B2E-4DBF-BE7F-A51D1BA55118}.LogikosDebug|Any CPU.Build.0 = Debug|Any CPU
		{A721320B-1B2E-4DBF-BE7F-A51D1BA55118}.LogikosRelease|Any CPU.ActiveCfg = Release|Any CPU
		{A721320B-1B2E-4DBF-BE7F-A51D1BA55118}.LogikosRelease|Any CPU.Build.0 = Release|Any CPU
		{A721320B-1B2E-4DBF-BE7F-A51D1BA55118}.ProtechsDebug|Any CPU.ActiveCfg = Debug|Any CPU
		{A721320B-1B2E-4DBF-BE7F-A51D1BA55118}.ProtechsDebug|Any CPU.Build.0 = Debug|Any CPU
		{A721320B-1B2E-4DBF-BE7F-A51D1BA55118}.ProtechsRelease|Any CPU.ActiveCfg = Release|Any CPU
		{A721320B-1B2E-4DBF-BE7F-A51D1BA55118}.ProtechsRelease|Any CPU.Build.0 = Release|Any CPU
		{A721320B-1B2E-4DBF-BE7F-A51D1BA55118}.Release|Any CPU.ActiveCfg = Release|Any CPU
		{A721320B-1B2E-4DBF-BE7F-A51D1BA55118}.Release|Any CPU.Build.0 = Release|Any CPU
		{A721320B-1B2E-4DBF-BE7F-A51D1BA55118}.WaterOutDebug|Any CPU.ActiveCfg = Debug|Any CPU
		{A721320B-1B2E-4DBF-BE7F-A51D1BA55118}.WaterOutDebug|Any CPU.Build.0 = Debug|Any CPU
		{A721320B-1B2E-4DBF-BE7F-A51D1BA55118}.WaterOutRelease|Any CPU.ActiveCfg = Release|Any CPU
		{A721320B-1B2E-4DBF-BE7F-A51D1BA55118}.WaterOutRelease|Any CPU.Build.0 = Release|Any CPU
		{28BE2CC1-C9FE-41AC-BA10-6968BF728B9F}.ClientDebug|Any CPU.ActiveCfg = Debug|Any CPU
		{28BE2CC1-C9FE-41AC-BA10-6968BF728B9F}.ClientDebug|Any CPU.Build.0 = Debug|Any CPU
		{28BE2CC1-C9FE-41AC-BA10-6968BF728B9F}.ClientRelease|Any CPU.ActiveCfg = Release|Any CPU
		{28BE2CC1-C9FE-41AC-BA10-6968BF728B9F}.ClientRelease|Any CPU.Build.0 = Release|Any CPU
		{28BE2CC1-C9FE-41AC-BA10-6968BF728B9F}.Debug|Any CPU.ActiveCfg = Debug|Any CPU
		{28BE2CC1-C9FE-41AC-BA10-6968BF728B9F}.Debug|Any CPU.Build.0 = Debug|Any CPU
		{28BE2CC1-C9FE-41AC-BA10-6968BF728B9F}.DebugSL5|Any CPU.ActiveCfg = Debug|Any CPU
		{28BE2CC1-C9FE-41AC-BA10-6968BF728B9F}.DebugSL5|Any CPU.Build.0 = Debug|Any CPU
		{28BE2CC1-C9FE-41AC-BA10-6968BF728B9F}.LogikosDebug|Any CPU.ActiveCfg = Debug|Any CPU
		{28BE2CC1-C9FE-41AC-BA10-6968BF728B9F}.LogikosDebug|Any CPU.Build.0 = Debug|Any CPU
		{28BE2CC1-C9FE-41AC-BA10-6968BF728B9F}.LogikosRelease|Any CPU.ActiveCfg = Release|Any CPU
		{28BE2CC1-C9FE-41AC-BA10-6968BF728B9F}.LogikosRelease|Any CPU.Build.0 = Release|Any CPU
		{28BE2CC1-C9FE-41AC-BA10-6968BF728B9F}.ProtechsDebug|Any CPU.ActiveCfg = Debug|Any CPU
		{28BE2CC1-C9FE-41AC-BA10-6968BF728B9F}.ProtechsDebug|Any CPU.Build.0 = Debug|Any CPU
		{28BE2CC1-C9FE-41AC-BA10-6968BF728B9F}.ProtechsRelease|Any CPU.ActiveCfg = Release|Any CPU
		{28BE2CC1-C9FE-41AC-BA10-6968BF728B9F}.ProtechsRelease|Any CPU.Build.0 = Release|Any CPU
		{28BE2CC1-C9FE-41AC-BA10-6968BF728B9F}.Release|Any CPU.ActiveCfg = Release|Any CPU
		{28BE2CC1-C9FE-41AC-BA10-6968BF728B9F}.Release|Any CPU.Build.0 = Release|Any CPU
		{28BE2CC1-C9FE-41AC-BA10-6968BF728B9F}.WaterOutDebug|Any CPU.ActiveCfg = Debug|Any CPU
		{28BE2CC1-C9FE-41AC-BA10-6968BF728B9F}.WaterOutDebug|Any CPU.Build.0 = Debug|Any CPU
		{28BE2CC1-C9FE-41AC-BA10-6968BF728B9F}.WaterOutRelease|Any CPU.ActiveCfg = Release|Any CPU
		{28BE2CC1-C9FE-41AC-BA10-6968BF728B9F}.WaterOutRelease|Any CPU.Build.0 = Release|Any CPU
		{3A8FF0F3-447F-4406-859A-01BC57BAA4FB}.ClientDebug|Any CPU.ActiveCfg = Debug|Any CPU
		{3A8FF0F3-447F-4406-859A-01BC57BAA4FB}.ClientDebug|Any CPU.Build.0 = Debug|Any CPU
		{3A8FF0F3-447F-4406-859A-01BC57BAA4FB}.ClientRelease|Any CPU.ActiveCfg = Release|Any CPU
		{3A8FF0F3-447F-4406-859A-01BC57BAA4FB}.ClientRelease|Any CPU.Build.0 = Release|Any CPU
		{3A8FF0F3-447F-4406-859A-01BC57BAA4FB}.Debug|Any CPU.ActiveCfg = Debug|Any CPU
		{3A8FF0F3-447F-4406-859A-01BC57BAA4FB}.Debug|Any CPU.Build.0 = Debug|Any CPU
		{3A8FF0F3-447F-4406-859A-01BC57BAA4FB}.DebugSL5|Any CPU.ActiveCfg = Debug|Any CPU
		{3A8FF0F3-447F-4406-859A-01BC57BAA4FB}.DebugSL5|Any CPU.Build.0 = Debug|Any CPU
		{3A8FF0F3-447F-4406-859A-01BC57BAA4FB}.LogikosDebug|Any CPU.ActiveCfg = Debug|Any CPU
		{3A8FF0F3-447F-4406-859A-01BC57BAA4FB}.LogikosDebug|Any CPU.Build.0 = Debug|Any CPU
		{3A8FF0F3-447F-4406-859A-01BC57BAA4FB}.LogikosRelease|Any CPU.ActiveCfg = Release|Any CPU
		{3A8FF0F3-447F-4406-859A-01BC57BAA4FB}.LogikosRelease|Any CPU.Build.0 = Release|Any CPU
		{3A8FF0F3-447F-4406-859A-01BC57BAA4FB}.ProtechsDebug|Any CPU.ActiveCfg = Debug|Any CPU
		{3A8FF0F3-447F-4406-859A-01BC57BAA4FB}.ProtechsDebug|Any CPU.Build.0 = Debug|Any CPU
		{3A8FF0F3-447F-4406-859A-01BC57BAA4FB}.ProtechsRelease|Any CPU.ActiveCfg = Release|Any CPU
		{3A8FF0F3-447F-4406-859A-01BC57BAA4FB}.ProtechsRelease|Any CPU.Build.0 = Release|Any CPU
		{3A8FF0F3-447F-4406-859A-01BC57BAA4FB}.Release|Any CPU.ActiveCfg = Release|Any CPU
		{3A8FF0F3-447F-4406-859A-01BC57BAA4FB}.Release|Any CPU.Build.0 = Release|Any CPU
		{3A8FF0F3-447F-4406-859A-01BC57BAA4FB}.WaterOutDebug|Any CPU.ActiveCfg = Debug|Any CPU
		{3A8FF0F3-447F-4406-859A-01BC57BAA4FB}.WaterOutDebug|Any CPU.Build.0 = Debug|Any CPU
		{3A8FF0F3-447F-4406-859A-01BC57BAA4FB}.WaterOutRelease|Any CPU.ActiveCfg = Release|Any CPU
		{3A8FF0F3-447F-4406-859A-01BC57BAA4FB}.WaterOutRelease|Any CPU.Build.0 = Release|Any CPU
		{85411145-55E5-405B-B5B4-8EC433FE2C81}.ClientDebug|Any CPU.ActiveCfg = Debug|Any CPU
		{85411145-55E5-405B-B5B4-8EC433FE2C81}.ClientDebug|Any CPU.Build.0 = Debug|Any CPU
		{85411145-55E5-405B-B5B4-8EC433FE2C81}.ClientRelease|Any CPU.ActiveCfg = Release|Any CPU
		{85411145-55E5-405B-B5B4-8EC433FE2C81}.ClientRelease|Any CPU.Build.0 = Release|Any CPU
		{85411145-55E5-405B-B5B4-8EC433FE2C81}.Debug|Any CPU.ActiveCfg = Debug|Any CPU
		{85411145-55E5-405B-B5B4-8EC433FE2C81}.Debug|Any CPU.Build.0 = Debug|Any CPU
		{85411145-55E5-405B-B5B4-8EC433FE2C81}.DebugSL5|Any CPU.ActiveCfg = Debug|Any CPU
		{85411145-55E5-405B-B5B4-8EC433FE2C81}.DebugSL5|Any CPU.Build.0 = Debug|Any CPU
		{85411145-55E5-405B-B5B4-8EC433FE2C81}.LogikosDebug|Any CPU.ActiveCfg = Debug|Any CPU
		{85411145-55E5-405B-B5B4-8EC433FE2C81}.LogikosDebug|Any CPU.Build.0 = Debug|Any CPU
		{85411145-55E5-405B-B5B4-8EC433FE2C81}.LogikosRelease|Any CPU.ActiveCfg = Release|Any CPU
		{85411145-55E5-405B-B5B4-8EC433FE2C81}.LogikosRelease|Any CPU.Build.0 = Release|Any CPU
		{85411145-55E5-405B-B5B4-8EC433FE2C81}.ProtechsDebug|Any CPU.ActiveCfg = Debug|Any CPU
		{85411145-55E5-405B-B5B4-8EC433FE2C81}.ProtechsDebug|Any CPU.Build.0 = Debug|Any CPU
		{85411145-55E5-405B-B5B4-8EC433FE2C81}.ProtechsRelease|Any CPU.ActiveCfg = Release|Any CPU
		{85411145-55E5-405B-B5B4-8EC433FE2C81}.ProtechsRelease|Any CPU.Build.0 = Release|Any CPU
		{85411145-55E5-405B-B5B4-8EC433FE2C81}.Release|Any CPU.ActiveCfg = Release|Any CPU
		{85411145-55E5-405B-B5B4-8EC433FE2C81}.Release|Any CPU.Build.0 = Release|Any CPU
		{85411145-55E5-405B-B5B4-8EC433FE2C81}.WaterOutDebug|Any CPU.ActiveCfg = Debug|Any CPU
		{85411145-55E5-405B-B5B4-8EC433FE2C81}.WaterOutDebug|Any CPU.Build.0 = Debug|Any CPU
		{85411145-55E5-405B-B5B4-8EC433FE2C81}.WaterOutRelease|Any CPU.ActiveCfg = Release|Any CPU
		{85411145-55E5-405B-B5B4-8EC433FE2C81}.WaterOutRelease|Any CPU.Build.0 = Release|Any CPU
		{74098C28-A72D-486D-A67F-5A35991249AE}.ClientDebug|Any CPU.ActiveCfg = Debug|Any CPU
		{74098C28-A72D-486D-A67F-5A35991249AE}.ClientDebug|Any CPU.Build.0 = Debug|Any CPU
		{74098C28-A72D-486D-A67F-5A35991249AE}.ClientRelease|Any CPU.ActiveCfg = Release|Any CPU
		{74098C28-A72D-486D-A67F-5A35991249AE}.ClientRelease|Any CPU.Build.0 = Release|Any CPU
		{74098C28-A72D-486D-A67F-5A35991249AE}.Debug|Any CPU.ActiveCfg = Debug|Any CPU
		{74098C28-A72D-486D-A67F-5A35991249AE}.Debug|Any CPU.Build.0 = Debug|Any CPU
		{74098C28-A72D-486D-A67F-5A35991249AE}.DebugSL5|Any CPU.ActiveCfg = Debug|Any CPU
		{74098C28-A72D-486D-A67F-5A35991249AE}.DebugSL5|Any CPU.Build.0 = Debug|Any CPU
		{74098C28-A72D-486D-A67F-5A35991249AE}.LogikosDebug|Any CPU.ActiveCfg = Debug|Any CPU
		{74098C28-A72D-486D-A67F-5A35991249AE}.LogikosDebug|Any CPU.Build.0 = Debug|Any CPU
		{74098C28-A72D-486D-A67F-5A35991249AE}.LogikosRelease|Any CPU.ActiveCfg = Release|Any CPU
		{74098C28-A72D-486D-A67F-5A35991249AE}.LogikosRelease|Any CPU.Build.0 = Release|Any CPU
		{74098C28-A72D-486D-A67F-5A35991249AE}.ProtechsDebug|Any CPU.ActiveCfg = Debug|Any CPU
		{74098C28-A72D-486D-A67F-5A35991249AE}.ProtechsDebug|Any CPU.Build.0 = Debug|Any CPU
		{74098C28-A72D-486D-A67F-5A35991249AE}.ProtechsRelease|Any CPU.ActiveCfg = Release|Any CPU
		{74098C28-A72D-486D-A67F-5A35991249AE}.ProtechsRelease|Any CPU.Build.0 = Release|Any CPU
		{74098C28-A72D-486D-A67F-5A35991249AE}.Release|Any CPU.ActiveCfg = Release|Any CPU
		{74098C28-A72D-486D-A67F-5A35991249AE}.Release|Any CPU.Build.0 = Release|Any CPU
		{74098C28-A72D-486D-A67F-5A35991249AE}.WaterOutDebug|Any CPU.ActiveCfg = Debug|Any CPU
		{74098C28-A72D-486D-A67F-5A35991249AE}.WaterOutDebug|Any CPU.Build.0 = Debug|Any CPU
		{74098C28-A72D-486D-A67F-5A35991249AE}.WaterOutRelease|Any CPU.ActiveCfg = Release|Any CPU
		{74098C28-A72D-486D-A67F-5A35991249AE}.WaterOutRelease|Any CPU.Build.0 = Release|Any CPU
		{754F9D44-C135-4D75-90FA-02FD8A089F97}.ClientDebug|Any CPU.ActiveCfg = Debug|Any CPU
		{754F9D44-C135-4D75-90FA-02FD8A089F97}.ClientDebug|Any CPU.Build.0 = Debug|Any CPU
		{754F9D44-C135-4D75-90FA-02FD8A089F97}.ClientRelease|Any CPU.ActiveCfg = Release|Any CPU
		{754F9D44-C135-4D75-90FA-02FD8A089F97}.ClientRelease|Any CPU.Build.0 = Release|Any CPU
		{754F9D44-C135-4D75-90FA-02FD8A089F97}.Debug|Any CPU.ActiveCfg = Debug|Any CPU
		{754F9D44-C135-4D75-90FA-02FD8A089F97}.Debug|Any CPU.Build.0 = Debug|Any CPU
		{754F9D44-C135-4D75-90FA-02FD8A089F97}.DebugSL5|Any CPU.ActiveCfg = Debug|Any CPU
		{754F9D44-C135-4D75-90FA-02FD8A089F97}.DebugSL5|Any CPU.Build.0 = Debug|Any CPU
		{754F9D44-C135-4D75-90FA-02FD8A089F97}.LogikosDebug|Any CPU.ActiveCfg = Debug|Any CPU
		{754F9D44-C135-4D75-90FA-02FD8A089F97}.LogikosDebug|Any CPU.Build.0 = Debug|Any CPU
		{754F9D44-C135-4D75-90FA-02FD8A089F97}.LogikosRelease|Any CPU.ActiveCfg = Release|Any CPU
		{754F9D44-C135-4D75-90FA-02FD8A089F97}.LogikosRelease|Any CPU.Build.0 = Release|Any CPU
		{754F9D44-C135-4D75-90FA-02FD8A089F97}.ProtechsDebug|Any CPU.ActiveCfg = Debug|Any CPU
		{754F9D44-C135-4D75-90FA-02FD8A089F97}.ProtechsDebug|Any CPU.Build.0 = Debug|Any CPU
		{754F9D44-C135-4D75-90FA-02FD8A089F97}.ProtechsRelease|Any CPU.ActiveCfg = Release|Any CPU
		{754F9D44-C135-4D75-90FA-02FD8A089F97}.ProtechsRelease|Any CPU.Build.0 = Release|Any CPU
		{754F9D44-C135-4D75-90FA-02FD8A089F97}.Release|Any CPU.ActiveCfg = Release|Any CPU
		{754F9D44-C135-4D75-90FA-02FD8A089F97}.Release|Any CPU.Build.0 = Release|Any CPU
		{754F9D44-C135-4D75-90FA-02FD8A089F97}.WaterOutDebug|Any CPU.ActiveCfg = Debug|Any CPU
		{754F9D44-C135-4D75-90FA-02FD8A089F97}.WaterOutDebug|Any CPU.Build.0 = Debug|Any CPU
		{754F9D44-C135-4D75-90FA-02FD8A089F97}.WaterOutRelease|Any CPU.ActiveCfg = Release|Any CPU
		{754F9D44-C135-4D75-90FA-02FD8A089F97}.WaterOutRelease|Any CPU.Build.0 = Release|Any CPU
		{B566649F-3A8D-4E75-A35C-720B62CCC79D}.ClientDebug|Any CPU.ActiveCfg = Debug|Any CPU
		{B566649F-3A8D-4E75-A35C-720B62CCC79D}.ClientDebug|Any CPU.Build.0 = Debug|Any CPU
		{B566649F-3A8D-4E75-A35C-720B62CCC79D}.ClientRelease|Any CPU.ActiveCfg = Release|Any CPU
		{B566649F-3A8D-4E75-A35C-720B62CCC79D}.ClientRelease|Any CPU.Build.0 = Release|Any CPU
		{B566649F-3A8D-4E75-A35C-720B62CCC79D}.Debug|Any CPU.ActiveCfg = Debug|Any CPU
		{B566649F-3A8D-4E75-A35C-720B62CCC79D}.Debug|Any CPU.Build.0 = Debug|Any CPU
		{B566649F-3A8D-4E75-A35C-720B62CCC79D}.DebugSL5|Any CPU.ActiveCfg = Debug|Any CPU
		{B566649F-3A8D-4E75-A35C-720B62CCC79D}.DebugSL5|Any CPU.Build.0 = Debug|Any CPU
		{B566649F-3A8D-4E75-A35C-720B62CCC79D}.LogikosDebug|Any CPU.ActiveCfg = Debug|Any CPU
		{B566649F-3A8D-4E75-A35C-720B62CCC79D}.LogikosDebug|Any CPU.Build.0 = Debug|Any CPU
		{B566649F-3A8D-4E75-A35C-720B62CCC79D}.LogikosRelease|Any CPU.ActiveCfg = Release|Any CPU
		{B566649F-3A8D-4E75-A35C-720B62CCC79D}.LogikosRelease|Any CPU.Build.0 = Release|Any CPU
		{B566649F-3A8D-4E75-A35C-720B62CCC79D}.ProtechsDebug|Any CPU.ActiveCfg = Debug|Any CPU
		{B566649F-3A8D-4E75-A35C-720B62CCC79D}.ProtechsDebug|Any CPU.Build.0 = Debug|Any CPU
		{B566649F-3A8D-4E75-A35C-720B62CCC79D}.ProtechsRelease|Any CPU.ActiveCfg = Release|Any CPU
		{B566649F-3A8D-4E75-A35C-720B62CCC79D}.ProtechsRelease|Any CPU.Build.0 = Release|Any CPU
		{B566649F-3A8D-4E75-A35C-720B62CCC79D}.Release|Any CPU.ActiveCfg = Release|Any CPU
		{B566649F-3A8D-4E75-A35C-720B62CCC79D}.Release|Any CPU.Build.0 = Release|Any CPU
		{B566649F-3A8D-4E75-A35C-720B62CCC79D}.WaterOutDebug|Any CPU.ActiveCfg = Debug|Any CPU
		{B566649F-3A8D-4E75-A35C-720B62CCC79D}.WaterOutDebug|Any CPU.Build.0 = Debug|Any CPU
		{B566649F-3A8D-4E75-A35C-720B62CCC79D}.WaterOutRelease|Any CPU.ActiveCfg = Release|Any CPU
		{B566649F-3A8D-4E75-A35C-720B62CCC79D}.WaterOutRelease|Any CPU.Build.0 = Release|Any CPU
		{56650C3C-8BFB-4115-89D9-A4BCF5BA1A65}.ClientDebug|Any CPU.ActiveCfg = ClientDebug|Any CPU
		{56650C3C-8BFB-4115-89D9-A4BCF5BA1A65}.ClientDebug|Any CPU.Build.0 = ClientDebug|Any CPU
		{56650C3C-8BFB-4115-89D9-A4BCF5BA1A65}.ClientRelease|Any CPU.ActiveCfg = ClientRelease|Any CPU
		{56650C3C-8BFB-4115-89D9-A4BCF5BA1A65}.ClientRelease|Any CPU.Build.0 = ClientRelease|Any CPU
		{56650C3C-8BFB-4115-89D9-A4BCF5BA1A65}.Debug|Any CPU.ActiveCfg = Debug|Any CPU
		{56650C3C-8BFB-4115-89D9-A4BCF5BA1A65}.Debug|Any CPU.Build.0 = Debug|Any CPU
		{56650C3C-8BFB-4115-89D9-A4BCF5BA1A65}.DebugSL5|Any CPU.ActiveCfg = DebugSL5|Any CPU
		{56650C3C-8BFB-4115-89D9-A4BCF5BA1A65}.DebugSL5|Any CPU.Build.0 = DebugSL5|Any CPU
		{56650C3C-8BFB-4115-89D9-A4BCF5BA1A65}.LogikosDebug|Any CPU.ActiveCfg = LogikosDebug|Any CPU
		{56650C3C-8BFB-4115-89D9-A4BCF5BA1A65}.LogikosDebug|Any CPU.Build.0 = LogikosDebug|Any CPU
		{56650C3C-8BFB-4115-89D9-A4BCF5BA1A65}.LogikosRelease|Any CPU.ActiveCfg = LogikosRelease|Any CPU
		{56650C3C-8BFB-4115-89D9-A4BCF5BA1A65}.LogikosRelease|Any CPU.Build.0 = LogikosRelease|Any CPU
		{56650C3C-8BFB-4115-89D9-A4BCF5BA1A65}.ProtechsDebug|Any CPU.ActiveCfg = ProtechsDebug|Any CPU
		{56650C3C-8BFB-4115-89D9-A4BCF5BA1A65}.ProtechsDebug|Any CPU.Build.0 = ProtechsDebug|Any CPU
		{56650C3C-8BFB-4115-89D9-A4BCF5BA1A65}.ProtechsRelease|Any CPU.ActiveCfg = ProtechsRelease|Any CPU
		{56650C3C-8BFB-4115-89D9-A4BCF5BA1A65}.ProtechsRelease|Any CPU.Build.0 = ProtechsRelease|Any CPU
		{56650C3C-8BFB-4115-89D9-A4BCF5BA1A65}.Release|Any CPU.ActiveCfg = Release|Any CPU
		{56650C3C-8BFB-4115-89D9-A4BCF5BA1A65}.Release|Any CPU.Build.0 = Release|Any CPU
		{56650C3C-8BFB-4115-89D9-A4BCF5BA1A65}.WaterOutDebug|Any CPU.ActiveCfg = WaterOutDebug|Any CPU
		{56650C3C-8BFB-4115-89D9-A4BCF5BA1A65}.WaterOutDebug|Any CPU.Build.0 = WaterOutDebug|Any CPU
		{56650C3C-8BFB-4115-89D9-A4BCF5BA1A65}.WaterOutRelease|Any CPU.ActiveCfg = WaterOutRelease|Any CPU
		{56650C3C-8BFB-4115-89D9-A4BCF5BA1A65}.WaterOutRelease|Any CPU.Build.0 = WaterOutRelease|Any CPU
	EndGlobalSection
	GlobalSection(SolutionProperties) = preSolution
		HideSolutionNode = FALSE
	EndGlobalSection
	GlobalSection(NestedProjects) = preSolution
		{56650C3C-8BFB-4115-89D9-A4BCF5BA1A65} = {FAB3DDAA-3B1B-4C07-84B7-BDCA40950B93}
	EndGlobalSection
EndGlobal
