
Microsoft Visual Studio Solution File, Format Version 11.00
# Visual Studio 2010
Project("{FAE04EC0-301F-11D3-BF4B-00C04F79EFBC}") = "MicrOrm", "MicrOrm\MicrOrm.csproj", "{F8B877FE-DA09-45D6-883A-75D613DCDD6D}"
EndProject
Project("{FAE04EC0-301F-11D3-BF4B-00C04F79EFBC}") = "MicrOrm.Test", "MicrOrm.Test\MicrOrm.Test.csproj", "{9F81DACA-49B6-4E69-A939-E5E60374D4E7}"
EndProject
Project("{FAE04EC0-301F-11D3-BF4B-00C04F79EFBC}") = "MicrOrm.PostgreSql.Test", "MicrOrm.PostgreSql.Test\MicrOrm.PostgreSql.Test.csproj", "{C618E31B-B1DB-428F-8A76-DB2D0142C0D6}"
EndProject
Project("{FAE04EC0-301F-11D3-BF4B-00C04F79EFBC}") = "MicrOrm.PostgreSql", "MicrOrm.PostgreSql\MicrOrm.PostgreSql.csproj", "{78A5A20A-B1ED-4DC7-BF2B-3BB131BF87F9}"
EndProject
Project("{2150E333-8FDC-42A3-9474-1A3956D46DE8}") = "Dependencies", "Dependencies", "{6DAEB5C4-F24B-4EB7-9B3D-E5A1E0E30453}"
EndProject
Project("{FAE04EC0-301F-11D3-BF4B-00C04F79EFBC}") = "Utility", "..\Utility\Utility\Utility.csproj", "{56650C3C-8BFB-4115-89D9-A4BCF5BA1A65}"
EndProject
Project("{FAE04EC0-301F-11D3-BF4B-00C04F79EFBC}") = "Utility.Database", "..\Utility.Database\Utility.Database\Utility.Database.csproj", "{7C3DF2C6-65E5-49B6-83D7-960551666DA4}"
EndProject
Project("{FAE04EC0-301F-11D3-BF4B-00C04F79EFBC}") = "Utility.Database.PostgreSql", "..\Utility.Database\Utility.Database.PostgreSql\Utility.Database.PostgreSql.csproj", "{85411145-55E5-405B-B5B4-8EC433FE2C81}"
EndProject
Global
	GlobalSection(SolutionConfigurationPlatforms) = preSolution
		ClientDebug|Any CPU = ClientDebug|Any CPU
		ClientDebug|x86 = ClientDebug|x86
		ClientRelease|Any CPU = ClientRelease|Any CPU
		ClientRelease|x86 = ClientRelease|x86
		Debug|Any CPU = Debug|Any CPU
		Debug|x86 = Debug|x86
		DebugSL5|Any CPU = DebugSL5|Any CPU
		DebugSL5|x86 = DebugSL5|x86
		LogikosDebug|Any CPU = LogikosDebug|Any CPU
		LogikosDebug|x86 = LogikosDebug|x86
		LogikosRelease|Any CPU = LogikosRelease|Any CPU
		LogikosRelease|x86 = LogikosRelease|x86
		ProtechsDebug|Any CPU = ProtechsDebug|Any CPU
		ProtechsDebug|x86 = ProtechsDebug|x86
		ProtechsRelease|Any CPU = ProtechsRelease|Any CPU
		ProtechsRelease|x86 = ProtechsRelease|x86
		Release|Any CPU = Release|Any CPU
		Release|x86 = Release|x86
		WaterOutDebug|Any CPU = WaterOutDebug|Any CPU
		WaterOutDebug|x86 = WaterOutDebug|x86
		WaterOutRelease|Any CPU = WaterOutRelease|Any CPU
		WaterOutRelease|x86 = WaterOutRelease|x86
	EndGlobalSection
	GlobalSection(ProjectConfigurationPlatforms) = postSolution
		{F8B877FE-DA09-45D6-883A-75D613DCDD6D}.ClientDebug|Any CPU.ActiveCfg = Debug|Any CPU
		{F8B877FE-DA09-45D6-883A-75D613DCDD6D}.ClientDebug|Any CPU.Build.0 = Debug|Any CPU
		{F8B877FE-DA09-45D6-883A-75D613DCDD6D}.ClientDebug|x86.ActiveCfg = Debug|x86
		{F8B877FE-DA09-45D6-883A-75D613DCDD6D}.ClientDebug|x86.Build.0 = Debug|x86
		{F8B877FE-DA09-45D6-883A-75D613DCDD6D}.ClientRelease|Any CPU.ActiveCfg = Release|Any CPU
		{F8B877FE-DA09-45D6-883A-75D613DCDD6D}.ClientRelease|Any CPU.Build.0 = Release|Any CPU
		{F8B877FE-DA09-45D6-883A-75D613DCDD6D}.ClientRelease|x86.ActiveCfg = Release|x86
		{F8B877FE-DA09-45D6-883A-75D613DCDD6D}.ClientRelease|x86.Build.0 = Release|x86
		{F8B877FE-DA09-45D6-883A-75D613DCDD6D}.Debug|Any CPU.ActiveCfg = Debug|Any CPU
		{F8B877FE-DA09-45D6-883A-75D613DCDD6D}.Debug|Any CPU.Build.0 = Debug|Any CPU
		{F8B877FE-DA09-45D6-883A-75D613DCDD6D}.Debug|x86.ActiveCfg = Debug|x86
		{F8B877FE-DA09-45D6-883A-75D613DCDD6D}.Debug|x86.Build.0 = Debug|x86
		{F8B877FE-DA09-45D6-883A-75D613DCDD6D}.DebugSL5|Any CPU.ActiveCfg = Debug|x86
		{F8B877FE-DA09-45D6-883A-75D613DCDD6D}.DebugSL5|x86.ActiveCfg = Debug|x86
		{F8B877FE-DA09-45D6-883A-75D613DCDD6D}.DebugSL5|x86.Build.0 = Debug|x86
		{F8B877FE-DA09-45D6-883A-75D613DCDD6D}.LogikosDebug|Any CPU.ActiveCfg = Debug|Any CPU
		{F8B877FE-DA09-45D6-883A-75D613DCDD6D}.LogikosDebug|Any CPU.Build.0 = Debug|Any CPU
		{F8B877FE-DA09-45D6-883A-75D613DCDD6D}.LogikosDebug|x86.ActiveCfg = Debug|x86
		{F8B877FE-DA09-45D6-883A-75D613DCDD6D}.LogikosDebug|x86.Build.0 = Debug|x86
		{F8B877FE-DA09-45D6-883A-75D613DCDD6D}.LogikosRelease|Any CPU.ActiveCfg = Release|Any CPU
		{F8B877FE-DA09-45D6-883A-75D613DCDD6D}.LogikosRelease|Any CPU.Build.0 = Release|Any CPU
		{F8B877FE-DA09-45D6-883A-75D613DCDD6D}.LogikosRelease|x86.ActiveCfg = Release|x86
		{F8B877FE-DA09-45D6-883A-75D613DCDD6D}.LogikosRelease|x86.Build.0 = Release|x86
		{F8B877FE-DA09-45D6-883A-75D613DCDD6D}.ProtechsDebug|Any CPU.ActiveCfg = Debug|Any CPU
		{F8B877FE-DA09-45D6-883A-75D613DCDD6D}.ProtechsDebug|Any CPU.Build.0 = Debug|Any CPU
		{F8B877FE-DA09-45D6-883A-75D613DCDD6D}.ProtechsDebug|x86.ActiveCfg = Debug|x86
		{F8B877FE-DA09-45D6-883A-75D613DCDD6D}.ProtechsDebug|x86.Build.0 = Debug|x86
		{F8B877FE-DA09-45D6-883A-75D613DCDD6D}.ProtechsRelease|Any CPU.ActiveCfg = Release|Any CPU
		{F8B877FE-DA09-45D6-883A-75D613DCDD6D}.ProtechsRelease|Any CPU.Build.0 = Release|Any CPU
		{F8B877FE-DA09-45D6-883A-75D613DCDD6D}.ProtechsRelease|x86.ActiveCfg = Release|x86
		{F8B877FE-DA09-45D6-883A-75D613DCDD6D}.ProtechsRelease|x86.Build.0 = Release|x86
		{F8B877FE-DA09-45D6-883A-75D613DCDD6D}.Release|Any CPU.ActiveCfg = Release|Any CPU
		{F8B877FE-DA09-45D6-883A-75D613DCDD6D}.Release|Any CPU.Build.0 = Release|Any CPU
		{F8B877FE-DA09-45D6-883A-75D613DCDD6D}.Release|x86.ActiveCfg = Release|x86
		{F8B877FE-DA09-45D6-883A-75D613DCDD6D}.Release|x86.Build.0 = Release|x86
		{F8B877FE-DA09-45D6-883A-75D613DCDD6D}.WaterOutDebug|Any CPU.ActiveCfg = Debug|Any CPU
		{F8B877FE-DA09-45D6-883A-75D613DCDD6D}.WaterOutDebug|Any CPU.Build.0 = Debug|Any CPU
		{F8B877FE-DA09-45D6-883A-75D613DCDD6D}.WaterOutDebug|x86.ActiveCfg = Debug|x86
		{F8B877FE-DA09-45D6-883A-75D613DCDD6D}.WaterOutDebug|x86.Build.0 = Debug|x86
		{F8B877FE-DA09-45D6-883A-75D613DCDD6D}.WaterOutRelease|Any CPU.ActiveCfg = Release|Any CPU
		{F8B877FE-DA09-45D6-883A-75D613DCDD6D}.WaterOutRelease|Any CPU.Build.0 = Release|Any CPU
		{F8B877FE-DA09-45D6-883A-75D613DCDD6D}.WaterOutRelease|x86.ActiveCfg = Release|x86
		{F8B877FE-DA09-45D6-883A-75D613DCDD6D}.WaterOutRelease|x86.Build.0 = Release|x86
		{9F81DACA-49B6-4E69-A939-E5E60374D4E7}.ClientDebug|Any CPU.ActiveCfg = Debug|Any CPU
		{9F81DACA-49B6-4E69-A939-E5E60374D4E7}.ClientDebug|Any CPU.Build.0 = Debug|Any CPU
		{9F81DACA-49B6-4E69-A939-E5E60374D4E7}.ClientDebug|x86.ActiveCfg = Debug|x86
		{9F81DACA-49B6-4E69-A939-E5E60374D4E7}.ClientDebug|x86.Build.0 = Debug|x86
		{9F81DACA-49B6-4E69-A939-E5E60374D4E7}.ClientRelease|Any CPU.ActiveCfg = Release|Any CPU
		{9F81DACA-49B6-4E69-A939-E5E60374D4E7}.ClientRelease|Any CPU.Build.0 = Release|Any CPU
		{9F81DACA-49B6-4E69-A939-E5E60374D4E7}.ClientRelease|x86.ActiveCfg = Release|x86
		{9F81DACA-49B6-4E69-A939-E5E60374D4E7}.ClientRelease|x86.Build.0 = Release|x86
		{9F81DACA-49B6-4E69-A939-E5E60374D4E7}.Debug|Any CPU.ActiveCfg = Debug|Any CPU
		{9F81DACA-49B6-4E69-A939-E5E60374D4E7}.Debug|Any CPU.Build.0 = Debug|Any CPU
		{9F81DACA-49B6-4E69-A939-E5E60374D4E7}.Debug|x86.ActiveCfg = Debug|x86
		{9F81DACA-49B6-4E69-A939-E5E60374D4E7}.Debug|x86.Build.0 = Debug|x86
		{9F81DACA-49B6-4E69-A939-E5E60374D4E7}.DebugSL5|Any CPU.ActiveCfg = Debug|x86
		{9F81DACA-49B6-4E69-A939-E5E60374D4E7}.DebugSL5|x86.ActiveCfg = Debug|x86
		{9F81DACA-49B6-4E69-A939-E5E60374D4E7}.DebugSL5|x86.Build.0 = Debug|x86
		{9F81DACA-49B6-4E69-A939-E5E60374D4E7}.LogikosDebug|Any CPU.ActiveCfg = Debug|Any CPU
		{9F81DACA-49B6-4E69-A939-E5E60374D4E7}.LogikosDebug|Any CPU.Build.0 = Debug|Any CPU
		{9F81DACA-49B6-4E69-A939-E5E60374D4E7}.LogikosDebug|x86.ActiveCfg = Debug|x86
		{9F81DACA-49B6-4E69-A939-E5E60374D4E7}.LogikosDebug|x86.Build.0 = Debug|x86
		{9F81DACA-49B6-4E69-A939-E5E60374D4E7}.LogikosRelease|Any CPU.ActiveCfg = Release|Any CPU
		{9F81DACA-49B6-4E69-A939-E5E60374D4E7}.LogikosRelease|Any CPU.Build.0 = Release|Any CPU
		{9F81DACA-49B6-4E69-A939-E5E60374D4E7}.LogikosRelease|x86.ActiveCfg = Release|x86
		{9F81DACA-49B6-4E69-A939-E5E60374D4E7}.LogikosRelease|x86.Build.0 = Release|x86
		{9F81DACA-49B6-4E69-A939-E5E60374D4E7}.ProtechsDebug|Any CPU.ActiveCfg = Debug|Any CPU
		{9F81DACA-49B6-4E69-A939-E5E60374D4E7}.ProtechsDebug|Any CPU.Build.0 = Debug|Any CPU
		{9F81DACA-49B6-4E69-A939-E5E60374D4E7}.ProtechsDebug|x86.ActiveCfg = Debug|x86
		{9F81DACA-49B6-4E69-A939-E5E60374D4E7}.ProtechsDebug|x86.Build.0 = Debug|x86
		{9F81DACA-49B6-4E69-A939-E5E60374D4E7}.ProtechsRelease|Any CPU.ActiveCfg = Release|Any CPU
		{9F81DACA-49B6-4E69-A939-E5E60374D4E7}.ProtechsRelease|Any CPU.Build.0 = Release|Any CPU
		{9F81DACA-49B6-4E69-A939-E5E60374D4E7}.ProtechsRelease|x86.ActiveCfg = Release|x86
		{9F81DACA-49B6-4E69-A939-E5E60374D4E7}.ProtechsRelease|x86.Build.0 = Release|x86
		{9F81DACA-49B6-4E69-A939-E5E60374D4E7}.Release|Any CPU.ActiveCfg = Release|Any CPU
		{9F81DACA-49B6-4E69-A939-E5E60374D4E7}.Release|Any CPU.Build.0 = Release|Any CPU
		{9F81DACA-49B6-4E69-A939-E5E60374D4E7}.Release|x86.ActiveCfg = Release|x86
		{9F81DACA-49B6-4E69-A939-E5E60374D4E7}.Release|x86.Build.0 = Release|x86
		{9F81DACA-49B6-4E69-A939-E5E60374D4E7}.WaterOutDebug|Any CPU.ActiveCfg = Debug|Any CPU
		{9F81DACA-49B6-4E69-A939-E5E60374D4E7}.WaterOutDebug|Any CPU.Build.0 = Debug|Any CPU
		{9F81DACA-49B6-4E69-A939-E5E60374D4E7}.WaterOutDebug|x86.ActiveCfg = Debug|x86
		{9F81DACA-49B6-4E69-A939-E5E60374D4E7}.WaterOutDebug|x86.Build.0 = Debug|x86
		{9F81DACA-49B6-4E69-A939-E5E60374D4E7}.WaterOutRelease|Any CPU.ActiveCfg = Release|Any CPU
		{9F81DACA-49B6-4E69-A939-E5E60374D4E7}.WaterOutRelease|Any CPU.Build.0 = Release|Any CPU
		{9F81DACA-49B6-4E69-A939-E5E60374D4E7}.WaterOutRelease|x86.ActiveCfg = Release|x86
		{9F81DACA-49B6-4E69-A939-E5E60374D4E7}.WaterOutRelease|x86.Build.0 = Release|x86
		{C618E31B-B1DB-428F-8A76-DB2D0142C0D6}.ClientDebug|Any CPU.ActiveCfg = Debug|Any CPU
		{C618E31B-B1DB-428F-8A76-DB2D0142C0D6}.ClientDebug|Any CPU.Build.0 = Debug|Any CPU
		{C618E31B-B1DB-428F-8A76-DB2D0142C0D6}.ClientDebug|x86.ActiveCfg = Debug|Any CPU
		{C618E31B-B1DB-428F-8A76-DB2D0142C0D6}.ClientRelease|Any CPU.ActiveCfg = Release|Any CPU
		{C618E31B-B1DB-428F-8A76-DB2D0142C0D6}.ClientRelease|Any CPU.Build.0 = Release|Any CPU
		{C618E31B-B1DB-428F-8A76-DB2D0142C0D6}.ClientRelease|x86.ActiveCfg = Release|Any CPU
		{C618E31B-B1DB-428F-8A76-DB2D0142C0D6}.Debug|Any CPU.ActiveCfg = Debug|Any CPU
		{C618E31B-B1DB-428F-8A76-DB2D0142C0D6}.Debug|Any CPU.Build.0 = Debug|Any CPU
		{C618E31B-B1DB-428F-8A76-DB2D0142C0D6}.Debug|x86.ActiveCfg = Debug|Any CPU
		{C618E31B-B1DB-428F-8A76-DB2D0142C0D6}.DebugSL5|Any CPU.ActiveCfg = Debug|Any CPU
		{C618E31B-B1DB-428F-8A76-DB2D0142C0D6}.DebugSL5|Any CPU.Build.0 = Debug|Any CPU
		{C618E31B-B1DB-428F-8A76-DB2D0142C0D6}.DebugSL5|x86.ActiveCfg = Debug|Any CPU
		{C618E31B-B1DB-428F-8A76-DB2D0142C0D6}.LogikosDebug|Any CPU.ActiveCfg = Debug|Any CPU
		{C618E31B-B1DB-428F-8A76-DB2D0142C0D6}.LogikosDebug|Any CPU.Build.0 = Debug|Any CPU
		{C618E31B-B1DB-428F-8A76-DB2D0142C0D6}.LogikosDebug|x86.ActiveCfg = Debug|Any CPU
		{C618E31B-B1DB-428F-8A76-DB2D0142C0D6}.LogikosRelease|Any CPU.ActiveCfg = Release|Any CPU
		{C618E31B-B1DB-428F-8A76-DB2D0142C0D6}.LogikosRelease|Any CPU.Build.0 = Release|Any CPU
		{C618E31B-B1DB-428F-8A76-DB2D0142C0D6}.LogikosRelease|x86.ActiveCfg = Release|Any CPU
		{C618E31B-B1DB-428F-8A76-DB2D0142C0D6}.ProtechsDebug|Any CPU.ActiveCfg = Debug|Any CPU
		{C618E31B-B1DB-428F-8A76-DB2D0142C0D6}.ProtechsDebug|Any CPU.Build.0 = Debug|Any CPU
		{C618E31B-B1DB-428F-8A76-DB2D0142C0D6}.ProtechsDebug|x86.ActiveCfg = Debug|Any CPU
		{C618E31B-B1DB-428F-8A76-DB2D0142C0D6}.ProtechsRelease|Any CPU.ActiveCfg = Release|Any CPU
		{C618E31B-B1DB-428F-8A76-DB2D0142C0D6}.ProtechsRelease|Any CPU.Build.0 = Release|Any CPU
		{C618E31B-B1DB-428F-8A76-DB2D0142C0D6}.ProtechsRelease|x86.ActiveCfg = Release|Any CPU
		{C618E31B-B1DB-428F-8A76-DB2D0142C0D6}.Release|Any CPU.ActiveCfg = Release|Any CPU
		{C618E31B-B1DB-428F-8A76-DB2D0142C0D6}.Release|Any CPU.Build.0 = Release|Any CPU
		{C618E31B-B1DB-428F-8A76-DB2D0142C0D6}.Release|x86.ActiveCfg = Release|Any CPU
		{C618E31B-B1DB-428F-8A76-DB2D0142C0D6}.WaterOutDebug|Any CPU.ActiveCfg = Debug|Any CPU
		{C618E31B-B1DB-428F-8A76-DB2D0142C0D6}.WaterOutDebug|Any CPU.Build.0 = Debug|Any CPU
		{C618E31B-B1DB-428F-8A76-DB2D0142C0D6}.WaterOutDebug|x86.ActiveCfg = Debug|Any CPU
		{C618E31B-B1DB-428F-8A76-DB2D0142C0D6}.WaterOutRelease|Any CPU.ActiveCfg = Release|Any CPU
		{C618E31B-B1DB-428F-8A76-DB2D0142C0D6}.WaterOutRelease|Any CPU.Build.0 = Release|Any CPU
		{C618E31B-B1DB-428F-8A76-DB2D0142C0D6}.WaterOutRelease|x86.ActiveCfg = Release|Any CPU
		{78A5A20A-B1ED-4DC7-BF2B-3BB131BF87F9}.ClientDebug|Any CPU.ActiveCfg = Debug|Any CPU
		{78A5A20A-B1ED-4DC7-BF2B-3BB131BF87F9}.ClientDebug|Any CPU.Build.0 = Debug|Any CPU
		{78A5A20A-B1ED-4DC7-BF2B-3BB131BF87F9}.ClientDebug|x86.ActiveCfg = Debug|Any CPU
		{78A5A20A-B1ED-4DC7-BF2B-3BB131BF87F9}.ClientRelease|Any CPU.ActiveCfg = Release|Any CPU
		{78A5A20A-B1ED-4DC7-BF2B-3BB131BF87F9}.ClientRelease|Any CPU.Build.0 = Release|Any CPU
		{78A5A20A-B1ED-4DC7-BF2B-3BB131BF87F9}.ClientRelease|x86.ActiveCfg = Release|Any CPU
		{78A5A20A-B1ED-4DC7-BF2B-3BB131BF87F9}.Debug|Any CPU.ActiveCfg = Debug|Any CPU
		{78A5A20A-B1ED-4DC7-BF2B-3BB131BF87F9}.Debug|Any CPU.Build.0 = Debug|Any CPU
		{78A5A20A-B1ED-4DC7-BF2B-3BB131BF87F9}.Debug|x86.ActiveCfg = Debug|Any CPU
		{78A5A20A-B1ED-4DC7-BF2B-3BB131BF87F9}.DebugSL5|Any CPU.ActiveCfg = Debug|Any CPU
		{78A5A20A-B1ED-4DC7-BF2B-3BB131BF87F9}.DebugSL5|Any CPU.Build.0 = Debug|Any CPU
		{78A5A20A-B1ED-4DC7-BF2B-3BB131BF87F9}.DebugSL5|x86.ActiveCfg = Debug|Any CPU
		{78A5A20A-B1ED-4DC7-BF2B-3BB131BF87F9}.LogikosDebug|Any CPU.ActiveCfg = Debug|Any CPU
		{78A5A20A-B1ED-4DC7-BF2B-3BB131BF87F9}.LogikosDebug|Any CPU.Build.0 = Debug|Any CPU
		{78A5A20A-B1ED-4DC7-BF2B-3BB131BF87F9}.LogikosDebug|x86.ActiveCfg = Debug|Any CPU
		{78A5A20A-B1ED-4DC7-BF2B-3BB131BF87F9}.LogikosRelease|Any CPU.ActiveCfg = Release|Any CPU
		{78A5A20A-B1ED-4DC7-BF2B-3BB131BF87F9}.LogikosRelease|Any CPU.Build.0 = Release|Any CPU
		{78A5A20A-B1ED-4DC7-BF2B-3BB131BF87F9}.LogikosRelease|x86.ActiveCfg = Release|Any CPU
		{78A5A20A-B1ED-4DC7-BF2B-3BB131BF87F9}.ProtechsDebug|Any CPU.ActiveCfg = Debug|Any CPU
		{78A5A20A-B1ED-4DC7-BF2B-3BB131BF87F9}.ProtechsDebug|Any CPU.Build.0 = Debug|Any CPU
		{78A5A20A-B1ED-4DC7-BF2B-3BB131BF87F9}.ProtechsDebug|x86.ActiveCfg = Debug|Any CPU
		{78A5A20A-B1ED-4DC7-BF2B-3BB131BF87F9}.ProtechsRelease|Any CPU.ActiveCfg = Release|Any CPU
		{78A5A20A-B1ED-4DC7-BF2B-3BB131BF87F9}.ProtechsRelease|Any CPU.Build.0 = Release|Any CPU
		{78A5A20A-B1ED-4DC7-BF2B-3BB131BF87F9}.ProtechsRelease|x86.ActiveCfg = Release|Any CPU
		{78A5A20A-B1ED-4DC7-BF2B-3BB131BF87F9}.Release|Any CPU.ActiveCfg = Release|Any CPU
		{78A5A20A-B1ED-4DC7-BF2B-3BB131BF87F9}.Release|Any CPU.Build.0 = Release|Any CPU
		{78A5A20A-B1ED-4DC7-BF2B-3BB131BF87F9}.Release|x86.ActiveCfg = Release|Any CPU
		{78A5A20A-B1ED-4DC7-BF2B-3BB131BF87F9}.WaterOutDebug|Any CPU.ActiveCfg = Debug|Any CPU
		{78A5A20A-B1ED-4DC7-BF2B-3BB131BF87F9}.WaterOutDebug|Any CPU.Build.0 = Debug|Any CPU
		{78A5A20A-B1ED-4DC7-BF2B-3BB131BF87F9}.WaterOutDebug|x86.ActiveCfg = Debug|Any CPU
		{78A5A20A-B1ED-4DC7-BF2B-3BB131BF87F9}.WaterOutRelease|Any CPU.ActiveCfg = Release|Any CPU
		{78A5A20A-B1ED-4DC7-BF2B-3BB131BF87F9}.WaterOutRelease|Any CPU.Build.0 = Release|Any CPU
		{78A5A20A-B1ED-4DC7-BF2B-3BB131BF87F9}.WaterOutRelease|x86.ActiveCfg = Release|Any CPU
		{56650C3C-8BFB-4115-89D9-A4BCF5BA1A65}.ClientDebug|Any CPU.ActiveCfg = ClientDebug|Any CPU
		{56650C3C-8BFB-4115-89D9-A4BCF5BA1A65}.ClientDebug|Any CPU.Build.0 = ClientDebug|Any CPU
		{56650C3C-8BFB-4115-89D9-A4BCF5BA1A65}.ClientDebug|x86.ActiveCfg = ClientDebug|Any CPU
		{56650C3C-8BFB-4115-89D9-A4BCF5BA1A65}.ClientRelease|Any CPU.ActiveCfg = ClientRelease|Any CPU
		{56650C3C-8BFB-4115-89D9-A4BCF5BA1A65}.ClientRelease|Any CPU.Build.0 = ClientRelease|Any CPU
		{56650C3C-8BFB-4115-89D9-A4BCF5BA1A65}.ClientRelease|x86.ActiveCfg = ClientRelease|Any CPU
		{56650C3C-8BFB-4115-89D9-A4BCF5BA1A65}.Debug|Any CPU.ActiveCfg = Debug|Any CPU
		{56650C3C-8BFB-4115-89D9-A4BCF5BA1A65}.Debug|Any CPU.Build.0 = Debug|Any CPU
		{56650C3C-8BFB-4115-89D9-A4BCF5BA1A65}.Debug|x86.ActiveCfg = Debug|Any CPU
		{56650C3C-8BFB-4115-89D9-A4BCF5BA1A65}.DebugSL5|Any CPU.ActiveCfg = DebugSL5|Any CPU
		{56650C3C-8BFB-4115-89D9-A4BCF5BA1A65}.DebugSL5|Any CPU.Build.0 = DebugSL5|Any CPU
		{56650C3C-8BFB-4115-89D9-A4BCF5BA1A65}.DebugSL5|x86.ActiveCfg = DebugSL5|Any CPU
		{56650C3C-8BFB-4115-89D9-A4BCF5BA1A65}.LogikosDebug|Any CPU.ActiveCfg = LogikosDebug|Any CPU
		{56650C3C-8BFB-4115-89D9-A4BCF5BA1A65}.LogikosDebug|Any CPU.Build.0 = LogikosDebug|Any CPU
		{56650C3C-8BFB-4115-89D9-A4BCF5BA1A65}.LogikosDebug|x86.ActiveCfg = LogikosDebug|Any CPU
		{56650C3C-8BFB-4115-89D9-A4BCF5BA1A65}.LogikosRelease|Any CPU.ActiveCfg = LogikosRelease|Any CPU
		{56650C3C-8BFB-4115-89D9-A4BCF5BA1A65}.LogikosRelease|Any CPU.Build.0 = LogikosRelease|Any CPU
		{56650C3C-8BFB-4115-89D9-A4BCF5BA1A65}.LogikosRelease|x86.ActiveCfg = LogikosRelease|Any CPU
		{56650C3C-8BFB-4115-89D9-A4BCF5BA1A65}.ProtechsDebug|Any CPU.ActiveCfg = ProtechsDebug|Any CPU
		{56650C3C-8BFB-4115-89D9-A4BCF5BA1A65}.ProtechsDebug|Any CPU.Build.0 = ProtechsDebug|Any CPU
		{56650C3C-8BFB-4115-89D9-A4BCF5BA1A65}.ProtechsDebug|x86.ActiveCfg = ProtechsDebug|Any CPU
		{56650C3C-8BFB-4115-89D9-A4BCF5BA1A65}.ProtechsRelease|Any CPU.ActiveCfg = ProtechsRelease|Any CPU
		{56650C3C-8BFB-4115-89D9-A4BCF5BA1A65}.ProtechsRelease|Any CPU.Build.0 = ProtechsRelease|Any CPU
		{56650C3C-8BFB-4115-89D9-A4BCF5BA1A65}.ProtechsRelease|x86.ActiveCfg = ProtechsRelease|Any CPU
		{56650C3C-8BFB-4115-89D9-A4BCF5BA1A65}.Release|Any CPU.ActiveCfg = Release|Any CPU
		{56650C3C-8BFB-4115-89D9-A4BCF5BA1A65}.Release|Any CPU.Build.0 = Release|Any CPU
		{56650C3C-8BFB-4115-89D9-A4BCF5BA1A65}.Release|x86.ActiveCfg = Release|Any CPU
		{56650C3C-8BFB-4115-89D9-A4BCF5BA1A65}.WaterOutDebug|Any CPU.ActiveCfg = WaterOutDebug|Any CPU
		{56650C3C-8BFB-4115-89D9-A4BCF5BA1A65}.WaterOutDebug|Any CPU.Build.0 = WaterOutDebug|Any CPU
		{56650C3C-8BFB-4115-89D9-A4BCF5BA1A65}.WaterOutDebug|x86.ActiveCfg = WaterOutDebug|Any CPU
		{56650C3C-8BFB-4115-89D9-A4BCF5BA1A65}.WaterOutRelease|Any CPU.ActiveCfg = WaterOutRelease|Any CPU
		{56650C3C-8BFB-4115-89D9-A4BCF5BA1A65}.WaterOutRelease|Any CPU.Build.0 = WaterOutRelease|Any CPU
		{56650C3C-8BFB-4115-89D9-A4BCF5BA1A65}.WaterOutRelease|x86.ActiveCfg = WaterOutRelease|Any CPU
		{7C3DF2C6-65E5-49B6-83D7-960551666DA4}.ClientDebug|Any CPU.ActiveCfg = Debug|Any CPU
		{7C3DF2C6-65E5-49B6-83D7-960551666DA4}.ClientDebug|Any CPU.Build.0 = Debug|Any CPU
		{7C3DF2C6-65E5-49B6-83D7-960551666DA4}.ClientDebug|x86.ActiveCfg = Debug|Any CPU
		{7C3DF2C6-65E5-49B6-83D7-960551666DA4}.ClientRelease|Any CPU.ActiveCfg = Release|Any CPU
		{7C3DF2C6-65E5-49B6-83D7-960551666DA4}.ClientRelease|Any CPU.Build.0 = Release|Any CPU
		{7C3DF2C6-65E5-49B6-83D7-960551666DA4}.ClientRelease|x86.ActiveCfg = Release|Any CPU
		{7C3DF2C6-65E5-49B6-83D7-960551666DA4}.Debug|Any CPU.ActiveCfg = Debug|Any CPU
		{7C3DF2C6-65E5-49B6-83D7-960551666DA4}.Debug|Any CPU.Build.0 = Debug|Any CPU
		{7C3DF2C6-65E5-49B6-83D7-960551666DA4}.Debug|x86.ActiveCfg = Debug|Any CPU
		{7C3DF2C6-65E5-49B6-83D7-960551666DA4}.DebugSL5|Any CPU.ActiveCfg = Debug|Any CPU
		{7C3DF2C6-65E5-49B6-83D7-960551666DA4}.DebugSL5|Any CPU.Build.0 = Debug|Any CPU
		{7C3DF2C6-65E5-49B6-83D7-960551666DA4}.DebugSL5|x86.ActiveCfg = Debug|Any CPU
		{7C3DF2C6-65E5-49B6-83D7-960551666DA4}.LogikosDebug|Any CPU.ActiveCfg = Debug|Any CPU
		{7C3DF2C6-65E5-49B6-83D7-960551666DA4}.LogikosDebug|Any CPU.Build.0 = Debug|Any CPU
		{7C3DF2C6-65E5-49B6-83D7-960551666DA4}.LogikosDebug|x86.ActiveCfg = Debug|Any CPU
		{7C3DF2C6-65E5-49B6-83D7-960551666DA4}.LogikosRelease|Any CPU.ActiveCfg = Release|Any CPU
		{7C3DF2C6-65E5-49B6-83D7-960551666DA4}.LogikosRelease|Any CPU.Build.0 = Release|Any CPU
		{7C3DF2C6-65E5-49B6-83D7-960551666DA4}.LogikosRelease|x86.ActiveCfg = Release|Any CPU
		{7C3DF2C6-65E5-49B6-83D7-960551666DA4}.ProtechsDebug|Any CPU.ActiveCfg = Debug|Any CPU
		{7C3DF2C6-65E5-49B6-83D7-960551666DA4}.ProtechsDebug|Any CPU.Build.0 = Debug|Any CPU
		{7C3DF2C6-65E5-49B6-83D7-960551666DA4}.ProtechsDebug|x86.ActiveCfg = Debug|Any CPU
		{7C3DF2C6-65E5-49B6-83D7-960551666DA4}.ProtechsRelease|Any CPU.ActiveCfg = Release|Any CPU
		{7C3DF2C6-65E5-49B6-83D7-960551666DA4}.ProtechsRelease|Any CPU.Build.0 = Release|Any CPU
		{7C3DF2C6-65E5-49B6-83D7-960551666DA4}.ProtechsRelease|x86.ActiveCfg = Release|Any CPU
		{7C3DF2C6-65E5-49B6-83D7-960551666DA4}.Release|Any CPU.ActiveCfg = Release|Any CPU
		{7C3DF2C6-65E5-49B6-83D7-960551666DA4}.Release|Any CPU.Build.0 = Release|Any CPU
		{7C3DF2C6-65E5-49B6-83D7-960551666DA4}.Release|x86.ActiveCfg = Release|Any CPU
		{7C3DF2C6-65E5-49B6-83D7-960551666DA4}.WaterOutDebug|Any CPU.ActiveCfg = Debug|Any CPU
		{7C3DF2C6-65E5-49B6-83D7-960551666DA4}.WaterOutDebug|Any CPU.Build.0 = Debug|Any CPU
		{7C3DF2C6-65E5-49B6-83D7-960551666DA4}.WaterOutDebug|x86.ActiveCfg = Debug|Any CPU
		{7C3DF2C6-65E5-49B6-83D7-960551666DA4}.WaterOutRelease|Any CPU.ActiveCfg = Release|Any CPU
		{7C3DF2C6-65E5-49B6-83D7-960551666DA4}.WaterOutRelease|Any CPU.Build.0 = Release|Any CPU
		{7C3DF2C6-65E5-49B6-83D7-960551666DA4}.WaterOutRelease|x86.ActiveCfg = Release|Any CPU
		{85411145-55E5-405B-B5B4-8EC433FE2C81}.ClientDebug|Any CPU.ActiveCfg = Debug|Any CPU
		{85411145-55E5-405B-B5B4-8EC433FE2C81}.ClientDebug|Any CPU.Build.0 = Debug|Any CPU
		{85411145-55E5-405B-B5B4-8EC433FE2C81}.ClientDebug|x86.ActiveCfg = Debug|Any CPU
		{85411145-55E5-405B-B5B4-8EC433FE2C81}.ClientRelease|Any CPU.ActiveCfg = Release|Any CPU
		{85411145-55E5-405B-B5B4-8EC433FE2C81}.ClientRelease|Any CPU.Build.0 = Release|Any CPU
		{85411145-55E5-405B-B5B4-8EC433FE2C81}.ClientRelease|x86.ActiveCfg = Release|Any CPU
		{85411145-55E5-405B-B5B4-8EC433FE2C81}.Debug|Any CPU.ActiveCfg = Debug|Any CPU
		{85411145-55E5-405B-B5B4-8EC433FE2C81}.Debug|Any CPU.Build.0 = Debug|Any CPU
		{85411145-55E5-405B-B5B4-8EC433FE2C81}.Debug|x86.ActiveCfg = Debug|Any CPU
		{85411145-55E5-405B-B5B4-8EC433FE2C81}.DebugSL5|Any CPU.ActiveCfg = Debug|Any CPU
		{85411145-55E5-405B-B5B4-8EC433FE2C81}.DebugSL5|Any CPU.Build.0 = Debug|Any CPU
		{85411145-55E5-405B-B5B4-8EC433FE2C81}.DebugSL5|x86.ActiveCfg = Debug|Any CPU
		{85411145-55E5-405B-B5B4-8EC433FE2C81}.LogikosDebug|Any CPU.ActiveCfg = Debug|Any CPU
		{85411145-55E5-405B-B5B4-8EC433FE2C81}.LogikosDebug|Any CPU.Build.0 = Debug|Any CPU
		{85411145-55E5-405B-B5B4-8EC433FE2C81}.LogikosDebug|x86.ActiveCfg = Debug|Any CPU
		{85411145-55E5-405B-B5B4-8EC433FE2C81}.LogikosRelease|Any CPU.ActiveCfg = Release|Any CPU
		{85411145-55E5-405B-B5B4-8EC433FE2C81}.LogikosRelease|Any CPU.Build.0 = Release|Any CPU
		{85411145-55E5-405B-B5B4-8EC433FE2C81}.LogikosRelease|x86.ActiveCfg = Release|Any CPU
		{85411145-55E5-405B-B5B4-8EC433FE2C81}.ProtechsDebug|Any CPU.ActiveCfg = Debug|Any CPU
		{85411145-55E5-405B-B5B4-8EC433FE2C81}.ProtechsDebug|Any CPU.Build.0 = Debug|Any CPU
		{85411145-55E5-405B-B5B4-8EC433FE2C81}.ProtechsDebug|x86.ActiveCfg = Debug|Any CPU
		{85411145-55E5-405B-B5B4-8EC433FE2C81}.ProtechsRelease|Any CPU.ActiveCfg = Release|Any CPU
		{85411145-55E5-405B-B5B4-8EC433FE2C81}.ProtechsRelease|Any CPU.Build.0 = Release|Any CPU
		{85411145-55E5-405B-B5B4-8EC433FE2C81}.ProtechsRelease|x86.ActiveCfg = Release|Any CPU
		{85411145-55E5-405B-B5B4-8EC433FE2C81}.Release|Any CPU.ActiveCfg = Release|Any CPU
		{85411145-55E5-405B-B5B4-8EC433FE2C81}.Release|Any CPU.Build.0 = Release|Any CPU
		{85411145-55E5-405B-B5B4-8EC433FE2C81}.Release|x86.ActiveCfg = Release|Any CPU
		{85411145-55E5-405B-B5B4-8EC433FE2C81}.WaterOutDebug|Any CPU.ActiveCfg = Debug|Any CPU
		{85411145-55E5-405B-B5B4-8EC433FE2C81}.WaterOutDebug|Any CPU.Build.0 = Debug|Any CPU
		{85411145-55E5-405B-B5B4-8EC433FE2C81}.WaterOutDebug|x86.ActiveCfg = Debug|Any CPU
		{85411145-55E5-405B-B5B4-8EC433FE2C81}.WaterOutRelease|Any CPU.ActiveCfg = Release|Any CPU
		{85411145-55E5-405B-B5B4-8EC433FE2C81}.WaterOutRelease|Any CPU.Build.0 = Release|Any CPU
		{85411145-55E5-405B-B5B4-8EC433FE2C81}.WaterOutRelease|x86.ActiveCfg = Release|Any CPU
	EndGlobalSection
	GlobalSection(SolutionProperties) = preSolution
		HideSolutionNode = FALSE
	EndGlobalSection
	GlobalSection(NestedProjects) = preSolution
		{56650C3C-8BFB-4115-89D9-A4BCF5BA1A65} = {6DAEB5C4-F24B-4EB7-9B3D-E5A1E0E30453}
		{7C3DF2C6-65E5-49B6-83D7-960551666DA4} = {6DAEB5C4-F24B-4EB7-9B3D-E5A1E0E30453}
		{85411145-55E5-405B-B5B4-8EC433FE2C81} = {6DAEB5C4-F24B-4EB7-9B3D-E5A1E0E30453}
	EndGlobalSection
EndGlobal
